
Microsoft Visual Studio Solution File, Format Version 12.00
# Visual Studio Version 16
VisualStudioVersion = 16.0.31025.194
MinimumVisualStudioVersion = 10.0.40219.1
Project("{9A19103F-16F7-4668-BE54-9A1E7A4F7556}") = "tvm", "tvm\tvm.csproj", "{B6686692-F22C-48BC-9D25-3E84DDA03C80}"
EndProject
Project("{2150E333-8FDC-42A3-9474-1A3956D46DE8}") = "Solution Items", "Solution Items", "{CB595F90-C592-4ED8-9E49-26FD859A2776}"
	ProjectSection(SolutionItems) = preProject
		.gitignore = .gitignore
		CHANGELOG.md = CHANGELOG.md
		CODE_OF_CONDUCT.md = CODE_OF_CONDUCT.md
		CONTRIBUTING.md = CONTRIBUTING.md
		LICENSE = LICENSE
		README.md = README.md
		Rule110.tbc = Rule110.tbc
	EndProjectSection
EndProject
Project("{9A19103F-16F7-4668-BE54-9A1E7A4F7556}") = "tvmInterpreter", "tvmInterpreter\tvmInterpreter.csproj", "{CD71BA0B-79A3-4E0F-BD4D-7C7E5EDA9439}"
EndProject
Project("{2150E333-8FDC-42A3-9474-1A3956D46DE8}") = ".github", ".github", "{04F6F157-1ACB-4E39-AA22-513D96538B68}"
EndProject
Project("{2150E333-8FDC-42A3-9474-1A3956D46DE8}") = "ISSUE_TEMPLATE", "ISSUE_TEMPLATE", "{F5855679-F4B4-493B-AC28-17D434A72FE0}"
	ProjectSection(SolutionItems) = preProject
		.github\ISSUE_TEMPLATE\bug_report.md = .github\ISSUE_TEMPLATE\bug_report.md
		.github\ISSUE_TEMPLATE\feature_request.md = .github\ISSUE_TEMPLATE\feature_request.md
	EndProjectSection
EndProject
Project("{9A19103F-16F7-4668-BE54-9A1E7A4F7556}") = "tvmByteCodeCommands", "tvmByteCodeCommands\tvmByteCodeCommands.csproj", "{B5690926-D2F0-458B-B692-7C3F380B7828}"
EndProject
Project("{9A19103F-16F7-4668-BE54-9A1E7A4F7556}") = "tvmByteCodeCompiler", "tvmByteCodeCompiler\tvmByteCodeCompiler.csproj", "{0632B3E2-8CBB-413A-A6F1-102887900E8B}"
EndProject
Project("{9A19103F-16F7-4668-BE54-9A1E7A4F7556}") = "tbcc", "tbcc\tbcc.csproj", "{0F4EF974-44B2-426F-AD59-CF16D4C25081}"
EndProject
Project("{9A19103F-16F7-4668-BE54-9A1E7A4F7556}") = "tvmDebugger", "tvmDebugger\tvmDebugger.csproj", "{76EAF63D-87AA-4319-820E-7C0F4DE08A14}"
EndProject
Project("{FAE04EC0-301F-11D3-BF4B-00C04F79EFBC}") = "tvmJitCompiler", "tvmJitCompiler\tvmJitCompiler.csproj", "{BE841071-48DB-4545-93A7-EEFA195F6D3C}"
EndProject
Global
	GlobalSection(SolutionConfigurationPlatforms) = preSolution
		Debug|Any CPU = Debug|Any CPU
		Debug|x64 = Debug|x64
		Debug|x86 = Debug|x86
		Release|Any CPU = Release|Any CPU
		Release|x64 = Release|x64
		Release|x86 = Release|x86
	EndGlobalSection
	GlobalSection(ProjectConfigurationPlatforms) = postSolution
		{B6686692-F22C-48BC-9D25-3E84DDA03C80}.Debug|Any CPU.ActiveCfg = Debug|Any CPU
		{B6686692-F22C-48BC-9D25-3E84DDA03C80}.Debug|Any CPU.Build.0 = Debug|Any CPU
		{B6686692-F22C-48BC-9D25-3E84DDA03C80}.Debug|x64.ActiveCfg = Debug|Any CPU
		{B6686692-F22C-48BC-9D25-3E84DDA03C80}.Debug|x64.Build.0 = Debug|Any CPU
		{B6686692-F22C-48BC-9D25-3E84DDA03C80}.Debug|x86.ActiveCfg = Debug|Any CPU
		{B6686692-F22C-48BC-9D25-3E84DDA03C80}.Debug|x86.Build.0 = Debug|Any CPU
		{B6686692-F22C-48BC-9D25-3E84DDA03C80}.Release|Any CPU.ActiveCfg = Release|Any CPU
		{B6686692-F22C-48BC-9D25-3E84DDA03C80}.Release|Any CPU.Build.0 = Release|Any CPU
		{B6686692-F22C-48BC-9D25-3E84DDA03C80}.Release|x64.ActiveCfg = Release|Any CPU
		{B6686692-F22C-48BC-9D25-3E84DDA03C80}.Release|x64.Build.0 = Release|Any CPU
		{B6686692-F22C-48BC-9D25-3E84DDA03C80}.Release|x86.ActiveCfg = Release|Any CPU
		{B6686692-F22C-48BC-9D25-3E84DDA03C80}.Release|x86.Build.0 = Release|Any CPU
		{CD71BA0B-79A3-4E0F-BD4D-7C7E5EDA9439}.Debug|Any CPU.ActiveCfg = Debug|Any CPU
		{CD71BA0B-79A3-4E0F-BD4D-7C7E5EDA9439}.Debug|Any CPU.Build.0 = Debug|Any CPU
		{CD71BA0B-79A3-4E0F-BD4D-7C7E5EDA9439}.Debug|x64.ActiveCfg = Debug|Any CPU
		{CD71BA0B-79A3-4E0F-BD4D-7C7E5EDA9439}.Debug|x64.Build.0 = Debug|Any CPU
		{CD71BA0B-79A3-4E0F-BD4D-7C7E5EDA9439}.Debug|x86.ActiveCfg = Debug|Any CPU
		{CD71BA0B-79A3-4E0F-BD4D-7C7E5EDA9439}.Debug|x86.Build.0 = Debug|Any CPU
		{CD71BA0B-79A3-4E0F-BD4D-7C7E5EDA9439}.Release|Any CPU.ActiveCfg = Release|Any CPU
		{CD71BA0B-79A3-4E0F-BD4D-7C7E5EDA9439}.Release|Any CPU.Build.0 = Release|Any CPU
		{CD71BA0B-79A3-4E0F-BD4D-7C7E5EDA9439}.Release|x64.ActiveCfg = Release|Any CPU
		{CD71BA0B-79A3-4E0F-BD4D-7C7E5EDA9439}.Release|x64.Build.0 = Release|Any CPU
		{CD71BA0B-79A3-4E0F-BD4D-7C7E5EDA9439}.Release|x86.ActiveCfg = Release|Any CPU
		{CD71BA0B-79A3-4E0F-BD4D-7C7E5EDA9439}.Release|x86.Build.0 = Release|Any CPU
		{B5690926-D2F0-458B-B692-7C3F380B7828}.Debug|Any CPU.ActiveCfg = Debug|Any CPU
		{B5690926-D2F0-458B-B692-7C3F380B7828}.Debug|Any CPU.Build.0 = Debug|Any CPU
		{B5690926-D2F0-458B-B692-7C3F380B7828}.Debug|x64.ActiveCfg = Debug|Any CPU
		{B5690926-D2F0-458B-B692-7C3F380B7828}.Debug|x64.Build.0 = Debug|Any CPU
		{B5690926-D2F0-458B-B692-7C3F380B7828}.Debug|x86.ActiveCfg = Debug|Any CPU
		{B5690926-D2F0-458B-B692-7C3F380B7828}.Debug|x86.Build.0 = Debug|Any CPU
		{B5690926-D2F0-458B-B692-7C3F380B7828}.Release|Any CPU.ActiveCfg = Release|Any CPU
		{B5690926-D2F0-458B-B692-7C3F380B7828}.Release|Any CPU.Build.0 = Release|Any CPU
		{B5690926-D2F0-458B-B692-7C3F380B7828}.Release|x64.ActiveCfg = Release|Any CPU
		{B5690926-D2F0-458B-B692-7C3F380B7828}.Release|x64.Build.0 = Release|Any CPU
		{B5690926-D2F0-458B-B692-7C3F380B7828}.Release|x86.ActiveCfg = Release|Any CPU
		{B5690926-D2F0-458B-B692-7C3F380B7828}.Release|x86.Build.0 = Release|Any CPU
		{0632B3E2-8CBB-413A-A6F1-102887900E8B}.Debug|Any CPU.ActiveCfg = Debug|Any CPU
		{0632B3E2-8CBB-413A-A6F1-102887900E8B}.Debug|Any CPU.Build.0 = Debug|Any CPU
		{0632B3E2-8CBB-413A-A6F1-102887900E8B}.Debug|x64.ActiveCfg = Debug|Any CPU
		{0632B3E2-8CBB-413A-A6F1-102887900E8B}.Debug|x64.Build.0 = Debug|Any CPU
		{0632B3E2-8CBB-413A-A6F1-102887900E8B}.Debug|x86.ActiveCfg = Debug|Any CPU
		{0632B3E2-8CBB-413A-A6F1-102887900E8B}.Debug|x86.Build.0 = Debug|Any CPU
		{0632B3E2-8CBB-413A-A6F1-102887900E8B}.Release|Any CPU.ActiveCfg = Release|Any CPU
		{0632B3E2-8CBB-413A-A6F1-102887900E8B}.Release|Any CPU.Build.0 = Release|Any CPU
		{0632B3E2-8CBB-413A-A6F1-102887900E8B}.Release|x64.ActiveCfg = Release|Any CPU
		{0632B3E2-8CBB-413A-A6F1-102887900E8B}.Release|x64.Build.0 = Release|Any CPU
		{0632B3E2-8CBB-413A-A6F1-102887900E8B}.Release|x86.ActiveCfg = Release|Any CPU
		{0632B3E2-8CBB-413A-A6F1-102887900E8B}.Release|x86.Build.0 = Release|Any CPU
		{0F4EF974-44B2-426F-AD59-CF16D4C25081}.Debug|Any CPU.ActiveCfg = Debug|Any CPU
		{0F4EF974-44B2-426F-AD59-CF16D4C25081}.Debug|Any CPU.Build.0 = Debug|Any CPU
		{0F4EF974-44B2-426F-AD59-CF16D4C25081}.Debug|x64.ActiveCfg = Debug|Any CPU
		{0F4EF974-44B2-426F-AD59-CF16D4C25081}.Debug|x64.Build.0 = Debug|Any CPU
		{0F4EF974-44B2-426F-AD59-CF16D4C25081}.Debug|x86.ActiveCfg = Debug|Any CPU
		{0F4EF974-44B2-426F-AD59-CF16D4C25081}.Debug|x86.Build.0 = Debug|Any CPU
		{0F4EF974-44B2-426F-AD59-CF16D4C25081}.Release|Any CPU.ActiveCfg = Release|Any CPU
		{0F4EF974-44B2-426F-AD59-CF16D4C25081}.Release|Any CPU.Build.0 = Release|Any CPU
		{0F4EF974-44B2-426F-AD59-CF16D4C25081}.Release|x64.ActiveCfg = Release|Any CPU
		{0F4EF974-44B2-426F-AD59-CF16D4C25081}.Release|x64.Build.0 = Release|Any CPU
		{0F4EF974-44B2-426F-AD59-CF16D4C25081}.Release|x86.ActiveCfg = Release|Any CPU
		{0F4EF974-44B2-426F-AD59-CF16D4C25081}.Release|x86.Build.0 = Release|Any CPU
		{76EAF63D-87AA-4319-820E-7C0F4DE08A14}.Debug|Any CPU.ActiveCfg = Debug|Any CPU
		{76EAF63D-87AA-4319-820E-7C0F4DE08A14}.Debug|Any CPU.Build.0 = Debug|Any CPU
		{76EAF63D-87AA-4319-820E-7C0F4DE08A14}.Debug|x64.ActiveCfg = Debug|Any CPU
		{76EAF63D-87AA-4319-820E-7C0F4DE08A14}.Debug|x64.Build.0 = Debug|Any CPU
		{76EAF63D-87AA-4319-820E-7C0F4DE08A14}.Debug|x86.ActiveCfg = Debug|Any CPU
		{76EAF63D-87AA-4319-820E-7C0F4DE08A14}.Debug|x86.Build.0 = Debug|Any CPU
		{76EAF63D-87AA-4319-820E-7C0F4DE08A14}.Release|Any CPU.ActiveCfg = Release|Any CPU
		{76EAF63D-87AA-4319-820E-7C0F4DE08A14}.Release|Any CPU.Build.0 = Release|Any CPU
		{76EAF63D-87AA-4319-820E-7C0F4DE08A14}.Release|x64.ActiveCfg = Release|Any CPU
		{76EAF63D-87AA-4319-820E-7C0F4DE08A14}.Release|x64.Build.0 = Release|Any CPU
		{76EAF63D-87AA-4319-820E-7C0F4DE08A14}.Release|x86.ActiveCfg = Release|Any CPU
		{76EAF63D-87AA-4319-820E-7C0F4DE08A14}.Release|x86.Build.0 = Release|Any CPU
		{BE841071-48DB-4545-93A7-EEFA195F6D3C}.Debug|Any CPU.ActiveCfg = Debug|Any CPU
		{BE841071-48DB-4545-93A7-EEFA195F6D3C}.Debug|Any CPU.Build.0 = Debug|Any CPU
		{BE841071-48DB-4545-93A7-EEFA195F6D3C}.Debug|x64.ActiveCfg = Debug|Any CPU
		{BE841071-48DB-4545-93A7-EEFA195F6D3C}.Debug|x64.Build.0 = Debug|Any CPU
		{BE841071-48DB-4545-93A7-EEFA195F6D3C}.Debug|x86.ActiveCfg = Debug|Any CPU
		{BE841071-48DB-4545-93A7-EEFA195F6D3C}.Debug|x86.Build.0 = Debug|Any CPU
		{BE841071-48DB-4545-93A7-EEFA195F6D3C}.Release|Any CPU.ActiveCfg = Release|Any CPU
		{BE841071-48DB-4545-93A7-EEFA195F6D3C}.Release|Any CPU.Build.0 = Release|Any CPU
		{BE841071-48DB-4545-93A7-EEFA195F6D3C}.Release|x64.ActiveCfg = Release|Any CPU
		{BE841071-48DB-4545-93A7-EEFA195F6D3C}.Release|x64.Build.0 = Release|Any CPU
		{BE841071-48DB-4545-93A7-EEFA195F6D3C}.Release|x86.ActiveCfg = Release|Any CPU
		{BE841071-48DB-4545-93A7-EEFA195F6D3C}.Release|x86.Build.0 = Release|Any CPU
	EndGlobalSection
	GlobalSection(SolutionProperties) = preSolution
		HideSolutionNode = FALSE
	EndGlobalSection
	GlobalSection(NestedProjects) = preSolution
		{04F6F157-1ACB-4E39-AA22-513D96538B68} = {CB595F90-C592-4ED8-9E49-26FD859A2776}
		{F5855679-F4B4-493B-AC28-17D434A72FE0} = {04F6F157-1ACB-4E39-AA22-513D96538B68}
	EndGlobalSection
	GlobalSection(ExtensibilityGlobals) = postSolution
		SolutionGuid = {D951912C-A3C7-48AA-BB9C-53FEEC70F0AE}
	EndGlobalSection
EndGlobal
